
Microsoft Visual Studio Solution File, Format Version 11.00
# Visual Studio 2010
Project("{8BC9CEB8-8B4A-11D0-8D11-00A0C91BC942}") = "nx1gaming", "NX1Gaming.vcxproj", "{0D9D831A-7EA8-4E04-9C73-4A5163612563}"
EndProject
Global
	GlobalSection(SolutionConfigurationPlatforms) = preSolution
		Debug|Xbox 360 = Debug|Xbox 360
		Release|Xbox 360 = Release|Xbox 360
	EndGlobalSection
	GlobalSection(ProjectConfigurationPlatforms) = postSolution
		{0D9D831A-7EA8-4E04-9C73-4A5163612563}.Debug|Xbox 360.ActiveCfg = Debug|Xbox 360
		{0D9D831A-7EA8-4E04-9C73-4A5163612563}.Debug|Xbox 360.Build.0 = Debug|Xbox 360
		{0D9D831A-7EA8-4E04-9C73-4A5163612563}.Debug|Xbox 360.Deploy.0 = Debug|Xbox 360
		{0D9D831A-7EA8-4E04-9C73-4A5163612563}.Release|Xbox 360.ActiveCfg = Release|Xbox 360
		{0D9D831A-7EA8-4E04-9C73-4A5163612563}.Release|Xbox 360.Build.0 = Release|Xbox 360
		{0D9D831A-7EA8-4E04-9C73-4A5163612563}.Release|Xbox 360.Deploy.0 = Release|Xbox 360
	EndGlobalSection
	GlobalSection(SolutionProperties) = preSolution
		HideSolutionNode = FALSE
	EndGlobalSection
EndGlobal
